<?xml version="1.0" encoding="utf-8"?>
<Project ToolsVersion="4.0" xmlns="http://schemas.microsoft.com/developer/msbuild/2003">
  <ItemGroup>
    <Filter Include="Source Files">
      <UniqueIdentifier>{4FC737F1-C7A5-4376-A066-2A32D752A2FF}</UniqueIdentifier>
      <Extensions>cpp;c;cc;cxx;c++;cppm;ixx;def;odl;idl;hpj;bat;asm;asmx</Extensions>
    </Filter>
    <Filter Include="Header Files">
      <UniqueIdentifier>{93995380-89BD-4b04-88EB-625FBE52EBFB}</UniqueIdentifier>
      <Extensions>h;hh;hpp;hxx;h++;hm;inl;inc;ipp;xsd</Extensions>
    </Filter>
    <Filter Include="Resource Files">
      <UniqueIdentifier>{67DA6AB6-F800-4c08-8B7A-83BB121AAD01}</UniqueIdentifier>
      <Extensions>rc;ico;cur;bmp;dlg;rc2;rct;bin;rgs;gif;jpg;jpeg;jpe;resx;tiff;tif;png;wav;mfcribbon-ms</Extensions>
    </Filter>
  </ItemGroup>
  <ItemGroup>
    <ClCompile Include="..\src\choice.cc">
      <Filter>Source Files</Filter>
    </ClCompile>
    <ClCompile Include="..\src\clock.cc">
      <Filter>Source Files</Filter>
    </ClCompile>
    <ClCompile Include="..\src\link.cc">
      <Filter>Source Files</Filter>
    </ClCompile>
    <ClCompile Include="..\src\keyboard.cc">
      <Filter>Source Files</Filter>
    </ClCompile>
    <ClCompile Include="..\src\main.cc">
      <Filter>Source Files</Filter>
    </ClCompile>
    <ClCompile Include="..\src\numkey.cc">
      <Filter>Source Files</Filter>
    </ClCompile>
    <ClCompile Include="..\src\slash.cc">
      <Filter>Source Files</Filter>
    </ClCompile>
    <ClCompile Include="..\src\spotify.cc">
      <Filter>Source Files</Filter>
    </ClCompile>
    <ClCompile Include="..\src\star.cc">
      <Filter>Source Files</Filter>
    </ClCompile>
    <ClCompile Include="..\src\taskbar.cc">
      <Filter>Source Files</Filter>
    </ClCompile>
    <ClCompile Include="..\src\visual.cc">
      <Filter>Source Files</Filter>
    </ClCompile>
    <ClCompile Include="..\src\auto_core.cc">
      <Filter>Source Files</Filter>
    </ClCompile>
    <ClCompile Include="..\src\sp_thread.cc">
      <Filter>Source Files</Filter>
    </ClCompile>
    <ClCompile Include="..\src\server.cc">
      <Filter>Source Files</Filter>
    </ClCompile>
    <ClCompile Include="..\src\crash.cc">
      <Filter>Source Files</Filter>
    </ClCompile>
    <ClCompile Include="..\src\logger.cc">
      <Filter>Source Files</Filter>
    </ClCompile>
    <ClCompile Include="..\src\itunes.cc">
      <Filter>Source Files</Filter>
    </ClCompile>
    <ClCompile Include="..\src\clipboard.cc">
      <Filter>Source Files</Filter>
    </ClCompile>
    <ClCompile Include="..\src\taskbar_11.cc">
      <Filter>Source Files</Filter>
    </ClCompile>
    <ClCompile Include="..\src\itunes_t.cc">
      <Filter>Source Files</Filter>
    </ClCompile>
    <ClCompile Include="..\src\wake.cc">
      <Filter>Source Files</Filter>
    </ClCompile>
    <ClCompile Include="..\src\logger_c.cc">
      <Filter>Source Files</Filter>
    </ClCompile>
    <ClCompile Include="..\src\slash_i.cc">
      <Filter>Source Files</Filter>
    </ClCompile>
    <ClCompile Include="..\src\end.cc">
      <Filter>Source Files</Filter>
    </ClCompile>
  </ItemGroup>
  <ItemGroup>
    <ResourceCompile Include="..\sun\resource.rc">
      <Filter>Resource Files</Filter>
    </ResourceCompile>
  </ItemGroup>
  <ItemGroup>
    <ClInclude Include="link.h">
      <Filter>Header Files</Filter>
    </ClInclude>
    <ClInclude Include="..\dash\auto_core.h">
      <Filter>Header Files</Filter>
    </ClInclude>
    <ClInclude Include="..\dash\choice.h">
      <Filter>Header Files</Filter>
    </ClInclude>
    <ClInclude Include="..\dash\clipboard.h">
      <Filter>Header Files</Filter>
    </ClInclude>
    <ClInclude Include="..\dash\clock.h">
      <Filter>Header Files</Filter>
    </ClInclude>
    <ClInclude Include="..\dash\end.h">
      <Filter>Header Files</Filter>
    </ClInclude>
    <ClInclude Include="..\dash\crash.h">
      <Filter>Header Files</Filter>
    </ClInclude>
    <ClInclude Include="..\dash\itunes.h">
      <Filter>Header Files</Filter>
    </ClInclude>
    <ClInclude Include="..\dash\itunes_t.h">
      <Filter>Header Files</Filter>
    </ClInclude>
    <ClInclude Include="..\dash\keyboard.h">
      <Filter>Header Files</Filter>
    </ClInclude>
    <ClInclude Include="..\dash\logger.h">
      <Filter>Header Files</Filter>
    </ClInclude>
    <ClInclude Include="..\dash\logger_c.h">
      <Filter>Header Files</Filter>
    </ClInclude>
    <ClInclude Include="..\dash\main.h">
      <Filter>Header Files</Filter>
    </ClInclude>
    <ClInclude Include="..\dash\numkey.h">
      <Filter>Header Files</Filter>
    </ClInclude>
    <ClInclude Include="..\dash\server.h">
      <Filter>Header Files</Filter>
    </ClInclude>
    <ClInclude Include="..\dash\slash.h">
      <Filter>Header Files</Filter>
    </ClInclude>
    <ClInclude Include="..\dash\slash_i.h">
      <Filter>Header Files</Filter>
    </ClInclude>
    <ClInclude Include="..\dash\sp_thread.h">
      <Filter>Header Files</Filter>
    </ClInclude>
    <ClInclude Include="..\dash\spotify.h">
      <Filter>Header Files</Filter>
    </ClInclude>
    <ClInclude Include="..\dash\star.h">
      <Filter>Header Files</Filter>
    </ClInclude>
    <ClInclude Include="..\dash\taskbar.h">
      <Filter>Header Files</Filter>
    </ClInclude>
    <ClInclude Include="..\dash\taskbar_11.h">
      <Filter>Header Files</Filter>
    </ClInclude>
    <ClInclude Include="..\dash\visual.h">
      <Filter>Header Files</Filter>
    </ClInclude>
    <ClInclude Include="..\dash\wake.h">
      <Filter>Header Files</Filter>
    </ClInclude>
    <ClInclude Include="..\dash\link.h">
      <Filter>Header Files</Filter>
    </ClInclude>
  </ItemGroup>
</Project>